
Microsoft Visual Studio Solution File, Format Version 12.00
# Visual Studio 15
VisualStudioVersion = 15.0.26403.7
MinimumVisualStudioVersion = 10.0.40219.1
Project("{8BC9CEB8-8B4A-11D0-8D11-00A0C91BC942}") = "CS2420", "CS2420\CS2420.vcxproj", "{87A64341-80B9-4F63-A239-67EA9621D1B7}"
EndProject
Project("{8BC9CEB8-8B4A-11D0-8D11-00A0C91BC942}") = "Proj1", "Proj1\Proj1.vcxproj", "{4D3605E3-FA99-4690-8346-F29C7BCBD1E5}"
EndProject
Project("{8BC9CEB8-8B4A-11D0-8D11-00A0C91BC942}") = "Stacks And Queues Fall 2017.cpp", "Stacks And Queues Fall 2017.cpp\Stacks And Queues Fall 2017.cpp.vcxproj", "{929B3D70-1129-465A-9A13-AE461F4F2737}"
EndProject
Project("{8BC9CEB8-8B4A-11D0-8D11-00A0C91BC942}") = "Project2", "Project2\Project2.vcxproj", "{EF959361-75FF-4625-940D-4FD4EE7DFE2F}"
EndProject
Project("{8BC9CEB8-8B4A-11D0-8D11-00A0C91BC942}") = "Project3", "Project3\Project3.vcxproj", "{CDE65ADA-D5DF-4F29-AF8D-5A891FD77451}"
EndProject
Project("{8BC9CEB8-8B4A-11D0-8D11-00A0C91BC942}") = "Linked List Iterators fall 2017", "Linked List Iterators fall 2017\Linked List Iterators fall 2017.vcxproj", "{26547CF8-AA69-4585-BD64-B00E1CBB31B2}"
EndProject
Project("{8BC9CEB8-8B4A-11D0-8D11-00A0C91BC942}") = "Project4", "Project4\Project4.vcxproj", "{F8F776BA-8FA4-49B2-914C-635000601DC8}"
EndProject
Project("{8BC9CEB8-8B4A-11D0-8D11-00A0C91BC942}") = "Project5", "Project5\Project5.vcxproj", "{75AD6D5D-CEE8-4E92-8763-4E6E93312ED5}"
EndProject
Project("{8BC9CEB8-8B4A-11D0-8D11-00A0C91BC942}") = "Project6", "Project6\Project6.vcxproj", "{1EB23829-60B3-42EE-872B-BB6D831C6A97}"
EndProject
Project("{8BC9CEB8-8B4A-11D0-8D11-00A0C91BC942}") = "Project7", "Project7\Project7.vcxproj", "{9FDFBA2C-E9AA-4653-BD37-BDDF20A8C2FB}"
EndProject
Global
	GlobalSection(SolutionConfigurationPlatforms) = preSolution
		Debug|x64 = Debug|x64
		Debug|x86 = Debug|x86
		Release|x64 = Release|x64
		Release|x86 = Release|x86
	EndGlobalSection
	GlobalSection(ProjectConfigurationPlatforms) = postSolution
		{87A64341-80B9-4F63-A239-67EA9621D1B7}.Debug|x64.ActiveCfg = Debug|x64
		{87A64341-80B9-4F63-A239-67EA9621D1B7}.Debug|x64.Build.0 = Debug|x64
		{87A64341-80B9-4F63-A239-67EA9621D1B7}.Debug|x86.ActiveCfg = Debug|Win32
		{87A64341-80B9-4F63-A239-67EA9621D1B7}.Debug|x86.Build.0 = Debug|Win32
		{87A64341-80B9-4F63-A239-67EA9621D1B7}.Release|x64.ActiveCfg = Release|x64
		{87A64341-80B9-4F63-A239-67EA9621D1B7}.Release|x64.Build.0 = Release|x64
		{87A64341-80B9-4F63-A239-67EA9621D1B7}.Release|x86.ActiveCfg = Release|Win32
		{87A64341-80B9-4F63-A239-67EA9621D1B7}.Release|x86.Build.0 = Release|Win32
		{4D3605E3-FA99-4690-8346-F29C7BCBD1E5}.Debug|x64.ActiveCfg = Debug|x64
		{4D3605E3-FA99-4690-8346-F29C7BCBD1E5}.Debug|x64.Build.0 = Debug|x64
		{4D3605E3-FA99-4690-8346-F29C7BCBD1E5}.Debug|x86.ActiveCfg = Debug|Win32
		{4D3605E3-FA99-4690-8346-F29C7BCBD1E5}.Debug|x86.Build.0 = Debug|Win32
		{4D3605E3-FA99-4690-8346-F29C7BCBD1E5}.Release|x64.ActiveCfg = Release|x64
		{4D3605E3-FA99-4690-8346-F29C7BCBD1E5}.Release|x64.Build.0 = Release|x64
		{4D3605E3-FA99-4690-8346-F29C7BCBD1E5}.Release|x86.ActiveCfg = Release|Win32
		{4D3605E3-FA99-4690-8346-F29C7BCBD1E5}.Release|x86.Build.0 = Release|Win32
		{929B3D70-1129-465A-9A13-AE461F4F2737}.Debug|x64.ActiveCfg = Debug|x64
		{929B3D70-1129-465A-9A13-AE461F4F2737}.Debug|x64.Build.0 = Debug|x64
		{929B3D70-1129-465A-9A13-AE461F4F2737}.Debug|x86.ActiveCfg = Debug|Win32
		{929B3D70-1129-465A-9A13-AE461F4F2737}.Debug|x86.Build.0 = Debug|Win32
		{929B3D70-1129-465A-9A13-AE461F4F2737}.Release|x64.ActiveCfg = Release|x64
		{929B3D70-1129-465A-9A13-AE461F4F2737}.Release|x64.Build.0 = Release|x64
		{929B3D70-1129-465A-9A13-AE461F4F2737}.Release|x86.ActiveCfg = Release|Win32
		{929B3D70-1129-465A-9A13-AE461F4F2737}.Release|x86.Build.0 = Release|Win32
		{EF959361-75FF-4625-940D-4FD4EE7DFE2F}.Debug|x64.ActiveCfg = Debug|x64
		{EF959361-75FF-4625-940D-4FD4EE7DFE2F}.Debug|x64.Build.0 = Debug|x64
		{EF959361-75FF-4625-940D-4FD4EE7DFE2F}.Debug|x86.ActiveCfg = Debug|Win32
		{EF959361-75FF-4625-940D-4FD4EE7DFE2F}.Debug|x86.Build.0 = Debug|Win32
		{EF959361-75FF-4625-940D-4FD4EE7DFE2F}.Release|x64.ActiveCfg = Release|x64
		{EF959361-75FF-4625-940D-4FD4EE7DFE2F}.Release|x64.Build.0 = Release|x64
		{EF959361-75FF-4625-940D-4FD4EE7DFE2F}.Release|x86.ActiveCfg = Release|Win32
		{EF959361-75FF-4625-940D-4FD4EE7DFE2F}.Release|x86.Build.0 = Release|Win32
		{CDE65ADA-D5DF-4F29-AF8D-5A891FD77451}.Debug|x64.ActiveCfg = Debug|x64
		{CDE65ADA-D5DF-4F29-AF8D-5A891FD77451}.Debug|x64.Build.0 = Debug|x64
		{CDE65ADA-D5DF-4F29-AF8D-5A891FD77451}.Debug|x86.ActiveCfg = Debug|Win32
		{CDE65ADA-D5DF-4F29-AF8D-5A891FD77451}.Debug|x86.Build.0 = Debug|Win32
		{CDE65ADA-D5DF-4F29-AF8D-5A891FD77451}.Release|x64.ActiveCfg = Release|x64
		{CDE65ADA-D5DF-4F29-AF8D-5A891FD77451}.Release|x64.Build.0 = Release|x64
		{CDE65ADA-D5DF-4F29-AF8D-5A891FD77451}.Release|x86.ActiveCfg = Release|Win32
		{CDE65ADA-D5DF-4F29-AF8D-5A891FD77451}.Release|x86.Build.0 = Release|Win32
		{26547CF8-AA69-4585-BD64-B00E1CBB31B2}.Debug|x64.ActiveCfg = Debug|x64
		{26547CF8-AA69-4585-BD64-B00E1CBB31B2}.Debug|x64.Build.0 = Debug|x64
		{26547CF8-AA69-4585-BD64-B00E1CBB31B2}.Debug|x86.ActiveCfg = Debug|Win32
		{26547CF8-AA69-4585-BD64-B00E1CBB31B2}.Debug|x86.Build.0 = Debug|Win32
		{26547CF8-AA69-4585-BD64-B00E1CBB31B2}.Release|x64.ActiveCfg = Release|x64
		{26547CF8-AA69-4585-BD64-B00E1CBB31B2}.Release|x64.Build.0 = Release|x64
		{26547CF8-AA69-4585-BD64-B00E1CBB31B2}.Release|x86.ActiveCfg = Release|Win32
		{26547CF8-AA69-4585-BD64-B00E1CBB31B2}.Release|x86.Build.0 = Release|Win32
		{F8F776BA-8FA4-49B2-914C-635000601DC8}.Debug|x64.ActiveCfg = Debug|x64
		{F8F776BA-8FA4-49B2-914C-635000601DC8}.Debug|x64.Build.0 = Debug|x64
		{F8F776BA-8FA4-49B2-914C-635000601DC8}.Debug|x86.ActiveCfg = Debug|Win32
		{F8F776BA-8FA4-49B2-914C-635000601DC8}.Debug|x86.Build.0 = Debug|Win32
		{F8F776BA-8FA4-49B2-914C-635000601DC8}.Release|x64.ActiveCfg = Release|x64
		{F8F776BA-8FA4-49B2-914C-635000601DC8}.Release|x64.Build.0 = Release|x64
		{F8F776BA-8FA4-49B2-914C-635000601DC8}.Release|x86.ActiveCfg = Release|Win32
		{F8F776BA-8FA4-49B2-914C-635000601DC8}.Release|x86.Build.0 = Release|Win32
		{75AD6D5D-CEE8-4E92-8763-4E6E93312ED5}.Debug|x64.ActiveCfg = Debug|x64
		{75AD6D5D-CEE8-4E92-8763-4E6E93312ED5}.Debug|x64.Build.0 = Debug|x64
		{75AD6D5D-CEE8-4E92-8763-4E6E93312ED5}.Debug|x86.ActiveCfg = Debug|Win32
		{75AD6D5D-CEE8-4E92-8763-4E6E93312ED5}.Debug|x86.Build.0 = Debug|Win32
		{75AD6D5D-CEE8-4E92-8763-4E6E93312ED5}.Release|x64.ActiveCfg = Release|x64
		{75AD6D5D-CEE8-4E92-8763-4E6E93312ED5}.Release|x64.Build.0 = Release|x64
		{75AD6D5D-CEE8-4E92-8763-4E6E93312ED5}.Release|x86.ActiveCfg = Release|Win32
		{75AD6D5D-CEE8-4E92-8763-4E6E93312ED5}.Release|x86.Build.0 = Release|Win32
		{1EB23829-60B3-42EE-872B-BB6D831C6A97}.Debug|x64.ActiveCfg = Debug|x64
		{1EB23829-60B3-42EE-872B-BB6D831C6A97}.Debug|x64.Build.0 = Debug|x64
		{1EB23829-60B3-42EE-872B-BB6D831C6A97}.Debug|x86.ActiveCfg = Debug|Win32
		{1EB23829-60B3-42EE-872B-BB6D831C6A97}.Debug|x86.Build.0 = Debug|Win32
		{1EB23829-60B3-42EE-872B-BB6D831C6A97}.Release|x64.ActiveCfg = Release|x64
		{1EB23829-60B3-42EE-872B-BB6D831C6A97}.Release|x64.Build.0 = Release|x64
		{1EB23829-60B3-42EE-872B-BB6D831C6A97}.Release|x86.ActiveCfg = Release|Win32
		{1EB23829-60B3-42EE-872B-BB6D831C6A97}.Release|x86.Build.0 = Release|Win32
		{9FDFBA2C-E9AA-4653-BD37-BDDF20A8C2FB}.Debug|x64.ActiveCfg = Debug|x64
		{9FDFBA2C-E9AA-4653-BD37-BDDF20A8C2FB}.Debug|x64.Build.0 = Debug|x64
		{9FDFBA2C-E9AA-4653-BD37-BDDF20A8C2FB}.Debug|x86.ActiveCfg = Debug|Win32
		{9FDFBA2C-E9AA-4653-BD37-BDDF20A8C2FB}.Debug|x86.Build.0 = Debug|Win32
		{9FDFBA2C-E9AA-4653-BD37-BDDF20A8C2FB}.Release|x64.ActiveCfg = Release|x64
		{9FDFBA2C-E9AA-4653-BD37-BDDF20A8C2FB}.Release|x64.Build.0 = Release|x64
		{9FDFBA2C-E9AA-4653-BD37-BDDF20A8C2FB}.Release|x86.ActiveCfg = Release|Win32
		{9FDFBA2C-E9AA-4653-BD37-BDDF20A8C2FB}.Release|x86.Build.0 = Release|Win32
	EndGlobalSection
	GlobalSection(SolutionProperties) = preSolution
		HideSolutionNode = FALSE
	EndGlobalSection
EndGlobal
